
Microsoft Visual Studio Solution File, Format Version 12.00
# Visual Studio Version 16
VisualStudioVersion = 16.0.28803.202
MinimumVisualStudioVersion = 10.0.40219.1
Project("{9A19103F-16F7-4668-BE54-9A1E7A4F7556}") = "StageTrackerLite", "CurrentStageProj\StageTrackerLite.csproj", "{ED398E74-A83D-431C-9A68-70A64662C576}"
EndProject
Global
	GlobalSection(SolutionConfigurationPlatforms) = preSolution
		Debug|Any CPU = Debug|Any CPU
		Make Build|Any CPU = Make Build|Any CPU
		Release|Any CPU = Release|Any CPU
	EndGlobalSection
	GlobalSection(ProjectConfigurationPlatforms) = postSolution
		{ED398E74-A83D-431C-9A68-70A64662C576}.Debug|Any CPU.ActiveCfg = Debug|Any CPU
		{ED398E74-A83D-431C-9A68-70A64662C576}.Debug|Any CPU.Build.0 = Debug|Any CPU
		{ED398E74-A83D-431C-9A68-70A64662C576}.Make Build|Any CPU.ActiveCfg = Make Build|Any CPU
		{ED398E74-A83D-431C-9A68-70A64662C576}.Make Build|Any CPU.Build.0 = Make Build|Any CPU
		{ED398E74-A83D-431C-9A68-70A64662C576}.Release|Any CPU.ActiveCfg = Release|Any CPU
		{ED398E74-A83D-431C-9A68-70A64662C576}.Release|Any CPU.Build.0 = Release|Any CPU
	EndGlobalSection
	GlobalSection(SolutionProperties) = preSolution
		HideSolutionNode = FALSE
	EndGlobalSection
	GlobalSection(ExtensibilityGlobals) = postSolution
		SolutionGuid = {3EF1BEF8-C0CD-4395-8F23-8863930147AB}
	EndGlobalSection
EndGlobal
